
Microsoft Visual Studio Solution File, Format Version 12.00
# Visual Studio 15
VisualStudioVersion = 15.0.27130.2036
MinimumVisualStudioVersion = 10.0.40219.1
Project("{FAE04EC0-301F-11D3-BF4B-00C04F79EFBC}") = "throw_discount", "throw_discount\throw_discount.csproj", "{62252B06-CFB8-4C27-9BDC-5E648D237070}"
EndProject
Global
	GlobalSection(SolutionConfigurationPlatforms) = preSolution
		Debug|Any CPU = Debug|Any CPU
		Release|Any CPU = Release|Any CPU
	EndGlobalSection
	GlobalSection(ProjectConfigurationPlatforms) = postSolution
		{62252B06-CFB8-4C27-9BDC-5E648D237070}.Debug|Any CPU.ActiveCfg = Debug|Any CPU
		{62252B06-CFB8-4C27-9BDC-5E648D237070}.Debug|Any CPU.Build.0 = Debug|Any CPU
		{62252B06-CFB8-4C27-9BDC-5E648D237070}.Release|Any CPU.ActiveCfg = Release|Any CPU
		{62252B06-CFB8-4C27-9BDC-5E648D237070}.Release|Any CPU.Build.0 = Release|Any CPU
	EndGlobalSection
	GlobalSection(SolutionProperties) = preSolution
		HideSolutionNode = FALSE
	EndGlobalSection
	GlobalSection(ExtensibilityGlobals) = postSolution
		SolutionGuid = {2B0B41B2-E630-4732-A18F-2D897BB8D0DD}
	EndGlobalSection
EndGlobal
